
Microsoft Visual Studio Solution File, Format Version 12.00
# Visual Studio 14
VisualStudioVersion = 14.0.23107.0
MinimumVisualStudioVersion = 10.0.40219.1
Project("{FAE04EC0-301F-11D3-BF4B-00C04F79EFBC}") = "WindowsFormsApplication1", "WindowsFormsApplication1\WindowsFormsApplication1.csproj", "{1CBDCDA9-9028-4DB6-A100-CA6AE45C41C0}"
EndProject
Project("{FAE04EC0-301F-11D3-BF4B-00C04F79EFBC}") = "ERPService", "ERPService\ERPService.csproj", "{33D7FC6F-F79C-46DE-A7FE-A201F02E96F7}"
EndProject
Project("{FAE04EC0-301F-11D3-BF4B-00C04F79EFBC}") = "cmdService", "cmdService\cmdService.csproj", "{03E10B43-797C-4C4F-9EFB-0231C55F1147}"
EndProject
Global
	GlobalSection(SolutionConfigurationPlatforms) = preSolution
		Debug|Any CPU = Debug|Any CPU
		Release|Any CPU = Release|Any CPU
	EndGlobalSection
	GlobalSection(ProjectConfigurationPlatforms) = postSolution
		{1CBDCDA9-9028-4DB6-A100-CA6AE45C41C0}.Debug|Any CPU.ActiveCfg = Debug|Any CPU
		{1CBDCDA9-9028-4DB6-A100-CA6AE45C41C0}.Debug|Any CPU.Build.0 = Debug|Any CPU
		{1CBDCDA9-9028-4DB6-A100-CA6AE45C41C0}.Release|Any CPU.ActiveCfg = Release|Any CPU
		{1CBDCDA9-9028-4DB6-A100-CA6AE45C41C0}.Release|Any CPU.Build.0 = Release|Any CPU
		{33D7FC6F-F79C-46DE-A7FE-A201F02E96F7}.Debug|Any CPU.ActiveCfg = Debug|Any CPU
		{33D7FC6F-F79C-46DE-A7FE-A201F02E96F7}.Debug|Any CPU.Build.0 = Debug|Any CPU
		{33D7FC6F-F79C-46DE-A7FE-A201F02E96F7}.Release|Any CPU.ActiveCfg = Release|Any CPU
		{33D7FC6F-F79C-46DE-A7FE-A201F02E96F7}.Release|Any CPU.Build.0 = Release|Any CPU
		{03E10B43-797C-4C4F-9EFB-0231C55F1147}.Debug|Any CPU.ActiveCfg = Debug|Any CPU
		{03E10B43-797C-4C4F-9EFB-0231C55F1147}.Debug|Any CPU.Build.0 = Debug|Any CPU
		{03E10B43-797C-4C4F-9EFB-0231C55F1147}.Release|Any CPU.ActiveCfg = Release|Any CPU
		{03E10B43-797C-4C4F-9EFB-0231C55F1147}.Release|Any CPU.Build.0 = Release|Any CPU
	EndGlobalSection
	GlobalSection(SolutionProperties) = preSolution
		HideSolutionNode = FALSE
	EndGlobalSection
EndGlobal
